
Microsoft Visual Studio Solution File, Format Version 12.00
# Visual Studio Version 17
VisualStudioVersion = 17.8.34330.188
MinimumVisualStudioVersion = 10.0.40219.1
Project("{9A19103F-16F7-4668-BE54-9A1E7A4F7556}") = "Exercicio_PAG_25_7-A_Manzano", "Exercicio_PAG_25_7-A_Manzanno\Exercicio_PAG_25_7-A_Manzano.csproj", "{3AAF6BAD-90FE-4586-81D6-2028C997BECB}"
EndProject
Project("{9A19103F-16F7-4668-BE54-9A1E7A4F7556}") = "Exercicio_PAG_25_7-B_Manzano", "Exercicio_PAG_25_7-B_Manzanno\Exercicio_PAG_25_7-B_Manzano.csproj", "{DE47C85F-335D-4287-9403-EB56B2183BE3}"
EndProject
Project("{9A19103F-16F7-4668-BE54-9A1E7A4F7556}") = "Exercicio_PAG_25_7-C_Manzano", "Exercicio_PAG_25_7-C_Manzanno\Exercicio_PAG_25_7-C_Manzano.csproj", "{D8165310-A6EE-47EC-832F-82FC2A07ADA0}"
EndProject
Project("{9A19103F-16F7-4668-BE54-9A1E7A4F7556}") = "Exercicio_PAG_25_7-D_Manzano", "Exercicio_PAG_25_7-D_Manzanno\Exercicio_PAG_25_7-D_Manzano.csproj", "{3747D742-DDC6-4454-BC21-4F7FB6021AF3}"
EndProject
Project("{9A19103F-16F7-4668-BE54-9A1E7A4F7556}") = "Exercicio_PAG_25_7-E_Manzano", "Exercicio_PAG_25_7-E_Manzanno\Exercicio_PAG_25_7-E_Manzano.csproj", "{C0A1E716-2E8E-40D8-886E-303BDD011CFB}"
EndProject
Project("{9A19103F-16F7-4668-BE54-9A1E7A4F7556}") = "Exercicio_PAG_25_7-F_Manzano", "Exercicio_PAG_25_7-F_Manzanno\Exercicio_PAG_25_7-F_Manzano.csproj", "{633564BF-5606-42B7-99C9-463DB0204BF3}"
EndProject
Project("{9A19103F-16F7-4668-BE54-9A1E7A4F7556}") = "Exercicio_PAG_25_7-G_Manzano", "Exercicio_PAG_25_7-G_Manzano\Exercicio_PAG_25_7-G_Manzano.csproj", "{7B984B99-32CC-47EB-9B72-168E615BD46B}"
EndProject
Project("{9A19103F-16F7-4668-BE54-9A1E7A4F7556}") = "Exercicio_PAG_25_7-H_Manzano", "Exercicio_PAG_25_7-H_Manzano\Exercicio_PAG_25_7-H_Manzano.csproj", "{2B6235C7-258A-4518-A91B-DDA16FBF6579}"
EndProject
Project("{9A19103F-16F7-4668-BE54-9A1E7A4F7556}") = "Exercicio_PAG_25_7-I-Manzano", "Exercicio_PAG_25_7-I-Manzano\Exercicio_PAG_25_7-I-Manzano.csproj", "{F43DD7E3-5E0C-4A35-9484-D778ABC835B8}"
EndProject
Project("{9A19103F-16F7-4668-BE54-9A1E7A4F7556}") = "Exercicio_PAG_25_7-J_Manzano", "Exercicio_PAG_25_7-J_Manzano\Exercicio_PAG_25_7-J_Manzano.csproj", "{BBFD7B8F-751C-448F-8BC1-B8A2DB0DC45B}"
EndProject
Project("{9A19103F-16F7-4668-BE54-9A1E7A4F7556}") = "Exercicio_PAG_25_7-K_Manzano", "Exercicio_PAG_25_7-K_Manzano\Exercicio_PAG_25_7-K_Manzano.csproj", "{DDEC7438-D0F1-4E03-BA41-DCDC28B4A2CB}"
EndProject
Project("{9A19103F-16F7-4668-BE54-9A1E7A4F7556}") = "Exercicio_PAG_25_7-L_Manzano", "Exercicio_PAG_25_7-L_Manzano\Exercicio_PAG_25_7-L_Manzano.csproj", "{D7B91994-263E-4B7C-9257-A08A321A1484}"
EndProject
Project("{9A19103F-16F7-4668-BE54-9A1E7A4F7556}") = "Exercicio_PAG_25_7-M_Manzano", "Exercicio_PAG_25_7-M_Manzano\Exercicio_PAG_25_7-M_Manzano.csproj", "{D59F5B2C-7EA9-47A1-89E0-99E978861340}"
EndProject
Project("{9A19103F-16F7-4668-BE54-9A1E7A4F7556}") = "Exercicio_PAG_26_3.10_1-A_Manzano", "Exercicio_PAG_26_3.10_1-A_Manzano\Exercicio_PAG_26_3.10_1-A_Manzano.csproj", "{9870716E-30C9-410E-AF64-E4249C5350E2}"
EndProject
Project("{9A19103F-16F7-4668-BE54-9A1E7A4F7556}") = "Exercicio_PAG_26_3.10_1-B_Manzano", "Exercicio_PAG_26_3.10_1-B_Manzano\Exercicio_PAG_26_3.10_1-B_Manzano.csproj", "{65298273-940F-4801-9AD6-F89A5B73A32F}"
EndProject
Project("{9A19103F-16F7-4668-BE54-9A1E7A4F7556}") = "Exercicio_PAG_26_3.10_1-C_Manzano", "Exercicio_PAG_26_3.10_1-C_Manzano\Exercicio_PAG_26_3.10_1-C_Manzano.csproj", "{64D09907-C597-4D66-8CA3-2E2B82860023}"
EndProject
Project("{9A19103F-16F7-4668-BE54-9A1E7A4F7556}") = "Exercicio_PAG_41_4-A_Manzano", "Exercicio_PAG_41_4-A_Manzano\Exercicio_PAG_41_4-A_Manzano.csproj", "{B0B7DDC6-2FA6-47D7-9A4F-F092323CAAF0}"
EndProject
Project("{9A19103F-16F7-4668-BE54-9A1E7A4F7556}") = "Exercicio_PAG_41_4-B_Manzano", "Exercicio_PAG_41_4-B_Manzano\Exercicio_PAG_41_4-B_Manzano.csproj", "{B71548F1-998B-4A88-8ADA-A8E46BA6063D}"
EndProject
Project("{9A19103F-16F7-4668-BE54-9A1E7A4F7556}") = "Exercicio_PAG_41_4-C_Manzano", "Exercicio_PAG_41_4-C_Manzano\Exercicio_PAG_41_4-C_Manzano.csproj", "{5F4C3BF8-0796-43E5-BBFF-7F312AB18A9A}"
EndProject
Project("{9A19103F-16F7-4668-BE54-9A1E7A4F7556}") = "Exercicio_PAG_41_4-D_Manzano", "Exercicio_PAG_41_4-D_Manzano\Exercicio_PAG_41_4-D_Manzano.csproj", "{4C310EB7-6F67-4CC7-A02E-4C153F7276CA}"
EndProject
Project("{9A19103F-16F7-4668-BE54-9A1E7A4F7556}") = "Exercicio_PAG_41_4-E_Manzano", "Exercicio_PAG_41_4-E_Manzano\Exercicio_PAG_41_4-E_Manzano.csproj", "{0472F82C-4F0D-4C00-97E8-1B762634A121}"
EndProject
Project("{9A19103F-16F7-4668-BE54-9A1E7A4F7556}") = "Exercicio_PAG_41_4-F_Manzano", "Exercicio_PAG_41_4-F_Manzano\Exercicio_PAG_41_4-F_Manzano.csproj", "{3BDD1515-9492-4ABF-9D15-7B2E10350134}"
EndProject
Project("{9A19103F-16F7-4668-BE54-9A1E7A4F7556}") = "Exercicio_PAG_41_4-G_Manzano", "Exercicio_PAG_41_4-G_Manzano\Exercicio_PAG_41_4-G_Manzano.csproj", "{7E65817D-EF8C-486C-ADA0-567D83D80410}"
EndProject
Project("{9A19103F-16F7-4668-BE54-9A1E7A4F7556}") = "Exercicio_PAG_41_4-H_Manzano", "Exercicio_PAG_41_4-H_Manzano\Exercicio_PAG_41_4-H_Manzano.csproj", "{456A1368-A02A-4F87-83F0-62212F5CA644}"
EndProject
Project("{9A19103F-16F7-4668-BE54-9A1E7A4F7556}") = "Exercicio_PAG_41_4-I_Manzano", "Exercicio_PAG_41_4-I_Manzano\Exercicio_PAG_41_4-I_Manzano.csproj", "{3905B2E5-64B0-465E-A42B-259B493F362B}"
EndProject
Project("{9A19103F-16F7-4668-BE54-9A1E7A4F7556}") = "Exercicio_PAG_41_4-J_Manzano", "Exercicio_PAG_41_4-J_Manzano\Exercicio_PAG_41_4-J_Manzano.csproj", "{7075E59B-9207-4214-A2B3-10663AA9A5AB}"
EndProject
Project("{9A19103F-16F7-4668-BE54-9A1E7A4F7556}") = "Exercicio_PAG_41_4-K_Manzano", "Exercicio_PAG_41_4-K_Manzano\Exercicio_PAG_41_4-K_Manzano.csproj", "{5D6981A3-6828-40C7-B1D1-F440C7807A97}"
EndProject
Project("{9A19103F-16F7-4668-BE54-9A1E7A4F7556}") = "Exercicio_PAG_41_4-L_Manzano", "Exercicio_PAG_41_4-L_Manzano\Exercicio_PAG_41_4-L_Manzano.csproj", "{24F24D46-AB55-4502-8F84-C8F42E6E3E06}"
EndProject
Project("{FAE04EC0-301F-11D3-BF4B-00C04F79EFBC}") = "Exercicio_PAG_46_1-A_Manzano", "Exercicio_PAG_46_1-A_Manzano\Exercicio_PAG_46_1-A_Manzano.csproj", "{761A92BA-B969-4168-BEB9-696D5538AE58}"
EndProject
Project("{FAE04EC0-301F-11D3-BF4B-00C04F79EFBC}") = "Exercicio_PAG_46_1-B_Manzano", "Exercicio_PAG_46_1-B_Manzano\Exercicio_PAG_46_1-B_Manzano.csproj", "{66417728-8B60-4699-8E8F-60C3520C4701}"
EndProject
Project("{FAE04EC0-301F-11D3-BF4B-00C04F79EFBC}") = "Exercicio_PAG_46_1-C_Manzano", "Exercicio_PAG_46_1-C_Manzano\Exercicio_PAG_46_1-C_Manzano.csproj", "{6E10CC5D-3223-46F2-BF4C-E65037F3A8AF}"
EndProject
Project("{FAE04EC0-301F-11D3-BF4B-00C04F79EFBC}") = "Exercicio_PAG_46_1-D_Manzano", "Exercicio_PAG_46_1-D_Manzano\Exercicio_PAG_46_1-D_Manzano.csproj", "{DA64FCC7-6ADB-43EA-B0CA-C003EDCE39CC}"
EndProject
Global
	GlobalSection(SolutionConfigurationPlatforms) = preSolution
		Debug|Any CPU = Debug|Any CPU
		Release|Any CPU = Release|Any CPU
	EndGlobalSection
	GlobalSection(ProjectConfigurationPlatforms) = postSolution
		{3AAF6BAD-90FE-4586-81D6-2028C997BECB}.Debug|Any CPU.ActiveCfg = Debug|Any CPU
		{3AAF6BAD-90FE-4586-81D6-2028C997BECB}.Debug|Any CPU.Build.0 = Debug|Any CPU
		{3AAF6BAD-90FE-4586-81D6-2028C997BECB}.Release|Any CPU.ActiveCfg = Release|Any CPU
		{3AAF6BAD-90FE-4586-81D6-2028C997BECB}.Release|Any CPU.Build.0 = Release|Any CPU
		{DE47C85F-335D-4287-9403-EB56B2183BE3}.Debug|Any CPU.ActiveCfg = Debug|Any CPU
		{DE47C85F-335D-4287-9403-EB56B2183BE3}.Debug|Any CPU.Build.0 = Debug|Any CPU
		{DE47C85F-335D-4287-9403-EB56B2183BE3}.Release|Any CPU.ActiveCfg = Release|Any CPU
		{DE47C85F-335D-4287-9403-EB56B2183BE3}.Release|Any CPU.Build.0 = Release|Any CPU
		{D8165310-A6EE-47EC-832F-82FC2A07ADA0}.Debug|Any CPU.ActiveCfg = Debug|Any CPU
		{D8165310-A6EE-47EC-832F-82FC2A07ADA0}.Debug|Any CPU.Build.0 = Debug|Any CPU
		{D8165310-A6EE-47EC-832F-82FC2A07ADA0}.Release|Any CPU.ActiveCfg = Release|Any CPU
		{D8165310-A6EE-47EC-832F-82FC2A07ADA0}.Release|Any CPU.Build.0 = Release|Any CPU
		{3747D742-DDC6-4454-BC21-4F7FB6021AF3}.Debug|Any CPU.ActiveCfg = Debug|Any CPU
		{3747D742-DDC6-4454-BC21-4F7FB6021AF3}.Debug|Any CPU.Build.0 = Debug|Any CPU
		{3747D742-DDC6-4454-BC21-4F7FB6021AF3}.Release|Any CPU.ActiveCfg = Release|Any CPU
		{3747D742-DDC6-4454-BC21-4F7FB6021AF3}.Release|Any CPU.Build.0 = Release|Any CPU
		{C0A1E716-2E8E-40D8-886E-303BDD011CFB}.Debug|Any CPU.ActiveCfg = Debug|Any CPU
		{C0A1E716-2E8E-40D8-886E-303BDD011CFB}.Debug|Any CPU.Build.0 = Debug|Any CPU
		{C0A1E716-2E8E-40D8-886E-303BDD011CFB}.Release|Any CPU.ActiveCfg = Release|Any CPU
		{C0A1E716-2E8E-40D8-886E-303BDD011CFB}.Release|Any CPU.Build.0 = Release|Any CPU
		{633564BF-5606-42B7-99C9-463DB0204BF3}.Debug|Any CPU.ActiveCfg = Debug|Any CPU
		{633564BF-5606-42B7-99C9-463DB0204BF3}.Debug|Any CPU.Build.0 = Debug|Any CPU
		{633564BF-5606-42B7-99C9-463DB0204BF3}.Release|Any CPU.ActiveCfg = Release|Any CPU
		{633564BF-5606-42B7-99C9-463DB0204BF3}.Release|Any CPU.Build.0 = Release|Any CPU
		{7B984B99-32CC-47EB-9B72-168E615BD46B}.Debug|Any CPU.ActiveCfg = Debug|Any CPU
		{7B984B99-32CC-47EB-9B72-168E615BD46B}.Debug|Any CPU.Build.0 = Debug|Any CPU
		{7B984B99-32CC-47EB-9B72-168E615BD46B}.Release|Any CPU.ActiveCfg = Release|Any CPU
		{7B984B99-32CC-47EB-9B72-168E615BD46B}.Release|Any CPU.Build.0 = Release|Any CPU
		{2B6235C7-258A-4518-A91B-DDA16FBF6579}.Debug|Any CPU.ActiveCfg = Debug|Any CPU
		{2B6235C7-258A-4518-A91B-DDA16FBF6579}.Debug|Any CPU.Build.0 = Debug|Any CPU
		{2B6235C7-258A-4518-A91B-DDA16FBF6579}.Release|Any CPU.ActiveCfg = Release|Any CPU
		{2B6235C7-258A-4518-A91B-DDA16FBF6579}.Release|Any CPU.Build.0 = Release|Any CPU
		{F43DD7E3-5E0C-4A35-9484-D778ABC835B8}.Debug|Any CPU.ActiveCfg = Debug|Any CPU
		{F43DD7E3-5E0C-4A35-9484-D778ABC835B8}.Debug|Any CPU.Build.0 = Debug|Any CPU
		{F43DD7E3-5E0C-4A35-9484-D778ABC835B8}.Release|Any CPU.ActiveCfg = Release|Any CPU
		{F43DD7E3-5E0C-4A35-9484-D778ABC835B8}.Release|Any CPU.Build.0 = Release|Any CPU
		{BBFD7B8F-751C-448F-8BC1-B8A2DB0DC45B}.Debug|Any CPU.ActiveCfg = Debug|Any CPU
		{BBFD7B8F-751C-448F-8BC1-B8A2DB0DC45B}.Debug|Any CPU.Build.0 = Debug|Any CPU
		{BBFD7B8F-751C-448F-8BC1-B8A2DB0DC45B}.Release|Any CPU.ActiveCfg = Release|Any CPU
		{BBFD7B8F-751C-448F-8BC1-B8A2DB0DC45B}.Release|Any CPU.Build.0 = Release|Any CPU
		{DDEC7438-D0F1-4E03-BA41-DCDC28B4A2CB}.Debug|Any CPU.ActiveCfg = Debug|Any CPU
		{DDEC7438-D0F1-4E03-BA41-DCDC28B4A2CB}.Debug|Any CPU.Build.0 = Debug|Any CPU
		{DDEC7438-D0F1-4E03-BA41-DCDC28B4A2CB}.Release|Any CPU.ActiveCfg = Release|Any CPU
		{DDEC7438-D0F1-4E03-BA41-DCDC28B4A2CB}.Release|Any CPU.Build.0 = Release|Any CPU
		{D7B91994-263E-4B7C-9257-A08A321A1484}.Debug|Any CPU.ActiveCfg = Debug|Any CPU
		{D7B91994-263E-4B7C-9257-A08A321A1484}.Debug|Any CPU.Build.0 = Debug|Any CPU
		{D7B91994-263E-4B7C-9257-A08A321A1484}.Release|Any CPU.ActiveCfg = Release|Any CPU
		{D7B91994-263E-4B7C-9257-A08A321A1484}.Release|Any CPU.Build.0 = Release|Any CPU
		{D59F5B2C-7EA9-47A1-89E0-99E978861340}.Debug|Any CPU.ActiveCfg = Debug|Any CPU
		{D59F5B2C-7EA9-47A1-89E0-99E978861340}.Debug|Any CPU.Build.0 = Debug|Any CPU
		{D59F5B2C-7EA9-47A1-89E0-99E978861340}.Release|Any CPU.ActiveCfg = Release|Any CPU
		{D59F5B2C-7EA9-47A1-89E0-99E978861340}.Release|Any CPU.Build.0 = Release|Any CPU
		{9870716E-30C9-410E-AF64-E4249C5350E2}.Debug|Any CPU.ActiveCfg = Debug|Any CPU
		{9870716E-30C9-410E-AF64-E4249C5350E2}.Debug|Any CPU.Build.0 = Debug|Any CPU
		{9870716E-30C9-410E-AF64-E4249C5350E2}.Release|Any CPU.ActiveCfg = Release|Any CPU
		{9870716E-30C9-410E-AF64-E4249C5350E2}.Release|Any CPU.Build.0 = Release|Any CPU
		{65298273-940F-4801-9AD6-F89A5B73A32F}.Debug|Any CPU.ActiveCfg = Debug|Any CPU
		{65298273-940F-4801-9AD6-F89A5B73A32F}.Debug|Any CPU.Build.0 = Debug|Any CPU
		{65298273-940F-4801-9AD6-F89A5B73A32F}.Release|Any CPU.ActiveCfg = Release|Any CPU
		{65298273-940F-4801-9AD6-F89A5B73A32F}.Release|Any CPU.Build.0 = Release|Any CPU
		{64D09907-C597-4D66-8CA3-2E2B82860023}.Debug|Any CPU.ActiveCfg = Debug|Any CPU
		{64D09907-C597-4D66-8CA3-2E2B82860023}.Debug|Any CPU.Build.0 = Debug|Any CPU
		{64D09907-C597-4D66-8CA3-2E2B82860023}.Release|Any CPU.ActiveCfg = Release|Any CPU
		{64D09907-C597-4D66-8CA3-2E2B82860023}.Release|Any CPU.Build.0 = Release|Any CPU
		{B0B7DDC6-2FA6-47D7-9A4F-F092323CAAF0}.Debug|Any CPU.ActiveCfg = Debug|Any CPU
		{B0B7DDC6-2FA6-47D7-9A4F-F092323CAAF0}.Debug|Any CPU.Build.0 = Debug|Any CPU
		{B0B7DDC6-2FA6-47D7-9A4F-F092323CAAF0}.Release|Any CPU.ActiveCfg = Release|Any CPU
		{B0B7DDC6-2FA6-47D7-9A4F-F092323CAAF0}.Release|Any CPU.Build.0 = Release|Any CPU
		{B71548F1-998B-4A88-8ADA-A8E46BA6063D}.Debug|Any CPU.ActiveCfg = Debug|Any CPU
		{B71548F1-998B-4A88-8ADA-A8E46BA6063D}.Debug|Any CPU.Build.0 = Debug|Any CPU
		{B71548F1-998B-4A88-8ADA-A8E46BA6063D}.Release|Any CPU.ActiveCfg = Release|Any CPU
		{B71548F1-998B-4A88-8ADA-A8E46BA6063D}.Release|Any CPU.Build.0 = Release|Any CPU
		{5F4C3BF8-0796-43E5-BBFF-7F312AB18A9A}.Debug|Any CPU.ActiveCfg = Debug|Any CPU
		{5F4C3BF8-0796-43E5-BBFF-7F312AB18A9A}.Debug|Any CPU.Build.0 = Debug|Any CPU
		{5F4C3BF8-0796-43E5-BBFF-7F312AB18A9A}.Release|Any CPU.ActiveCfg = Release|Any CPU
		{5F4C3BF8-0796-43E5-BBFF-7F312AB18A9A}.Release|Any CPU.Build.0 = Release|Any CPU
		{4C310EB7-6F67-4CC7-A02E-4C153F7276CA}.Debug|Any CPU.ActiveCfg = Debug|Any CPU
		{4C310EB7-6F67-4CC7-A02E-4C153F7276CA}.Debug|Any CPU.Build.0 = Debug|Any CPU
		{4C310EB7-6F67-4CC7-A02E-4C153F7276CA}.Release|Any CPU.ActiveCfg = Release|Any CPU
		{4C310EB7-6F67-4CC7-A02E-4C153F7276CA}.Release|Any CPU.Build.0 = Release|Any CPU
		{0472F82C-4F0D-4C00-97E8-1B762634A121}.Debug|Any CPU.ActiveCfg = Debug|Any CPU
		{0472F82C-4F0D-4C00-97E8-1B762634A121}.Debug|Any CPU.Build.0 = Debug|Any CPU
		{0472F82C-4F0D-4C00-97E8-1B762634A121}.Release|Any CPU.ActiveCfg = Release|Any CPU
		{0472F82C-4F0D-4C00-97E8-1B762634A121}.Release|Any CPU.Build.0 = Release|Any CPU
		{3BDD1515-9492-4ABF-9D15-7B2E10350134}.Debug|Any CPU.ActiveCfg = Debug|Any CPU
		{3BDD1515-9492-4ABF-9D15-7B2E10350134}.Debug|Any CPU.Build.0 = Debug|Any CPU
		{3BDD1515-9492-4ABF-9D15-7B2E10350134}.Release|Any CPU.ActiveCfg = Release|Any CPU
		{3BDD1515-9492-4ABF-9D15-7B2E10350134}.Release|Any CPU.Build.0 = Release|Any CPU
		{7E65817D-EF8C-486C-ADA0-567D83D80410}.Debug|Any CPU.ActiveCfg = Debug|Any CPU
		{7E65817D-EF8C-486C-ADA0-567D83D80410}.Debug|Any CPU.Build.0 = Debug|Any CPU
		{7E65817D-EF8C-486C-ADA0-567D83D80410}.Release|Any CPU.ActiveCfg = Release|Any CPU
		{7E65817D-EF8C-486C-ADA0-567D83D80410}.Release|Any CPU.Build.0 = Release|Any CPU
		{456A1368-A02A-4F87-83F0-62212F5CA644}.Debug|Any CPU.ActiveCfg = Debug|Any CPU
		{456A1368-A02A-4F87-83F0-62212F5CA644}.Debug|Any CPU.Build.0 = Debug|Any CPU
		{456A1368-A02A-4F87-83F0-62212F5CA644}.Release|Any CPU.ActiveCfg = Release|Any CPU
		{456A1368-A02A-4F87-83F0-62212F5CA644}.Release|Any CPU.Build.0 = Release|Any CPU
		{3905B2E5-64B0-465E-A42B-259B493F362B}.Debug|Any CPU.ActiveCfg = Debug|Any CPU
		{3905B2E5-64B0-465E-A42B-259B493F362B}.Debug|Any CPU.Build.0 = Debug|Any CPU
		{3905B2E5-64B0-465E-A42B-259B493F362B}.Release|Any CPU.ActiveCfg = Release|Any CPU
		{3905B2E5-64B0-465E-A42B-259B493F362B}.Release|Any CPU.Build.0 = Release|Any CPU
		{7075E59B-9207-4214-A2B3-10663AA9A5AB}.Debug|Any CPU.ActiveCfg = Debug|Any CPU
		{7075E59B-9207-4214-A2B3-10663AA9A5AB}.Debug|Any CPU.Build.0 = Debug|Any CPU
		{7075E59B-9207-4214-A2B3-10663AA9A5AB}.Release|Any CPU.ActiveCfg = Release|Any CPU
		{7075E59B-9207-4214-A2B3-10663AA9A5AB}.Release|Any CPU.Build.0 = Release|Any CPU
		{5D6981A3-6828-40C7-B1D1-F440C7807A97}.Debug|Any CPU.ActiveCfg = Debug|Any CPU
		{5D6981A3-6828-40C7-B1D1-F440C7807A97}.Debug|Any CPU.Build.0 = Debug|Any CPU
		{5D6981A3-6828-40C7-B1D1-F440C7807A97}.Release|Any CPU.ActiveCfg = Release|Any CPU
		{5D6981A3-6828-40C7-B1D1-F440C7807A97}.Release|Any CPU.Build.0 = Release|Any CPU
		{24F24D46-AB55-4502-8F84-C8F42E6E3E06}.Debug|Any CPU.ActiveCfg = Debug|Any CPU
		{24F24D46-AB55-4502-8F84-C8F42E6E3E06}.Debug|Any CPU.Build.0 = Debug|Any CPU
		{24F24D46-AB55-4502-8F84-C8F42E6E3E06}.Release|Any CPU.ActiveCfg = Release|Any CPU
		{24F24D46-AB55-4502-8F84-C8F42E6E3E06}.Release|Any CPU.Build.0 = Release|Any CPU
		{761A92BA-B969-4168-BEB9-696D5538AE58}.Debug|Any CPU.ActiveCfg = Debug|Any CPU
		{761A92BA-B969-4168-BEB9-696D5538AE58}.Debug|Any CPU.Build.0 = Debug|Any CPU
		{761A92BA-B969-4168-BEB9-696D5538AE58}.Release|Any CPU.ActiveCfg = Release|Any CPU
		{761A92BA-B969-4168-BEB9-696D5538AE58}.Release|Any CPU.Build.0 = Release|Any CPU
		{66417728-8B60-4699-8E8F-60C3520C4701}.Debug|Any CPU.ActiveCfg = Debug|Any CPU
		{66417728-8B60-4699-8E8F-60C3520C4701}.Debug|Any CPU.Build.0 = Debug|Any CPU
		{66417728-8B60-4699-8E8F-60C3520C4701}.Release|Any CPU.ActiveCfg = Release|Any CPU
		{66417728-8B60-4699-8E8F-60C3520C4701}.Release|Any CPU.Build.0 = Release|Any CPU
		{6E10CC5D-3223-46F2-BF4C-E65037F3A8AF}.Debug|Any CPU.ActiveCfg = Debug|Any CPU
		{6E10CC5D-3223-46F2-BF4C-E65037F3A8AF}.Debug|Any CPU.Build.0 = Debug|Any CPU
		{6E10CC5D-3223-46F2-BF4C-E65037F3A8AF}.Release|Any CPU.ActiveCfg = Release|Any CPU
		{6E10CC5D-3223-46F2-BF4C-E65037F3A8AF}.Release|Any CPU.Build.0 = Release|Any CPU
		{DA64FCC7-6ADB-43EA-B0CA-C003EDCE39CC}.Debug|Any CPU.ActiveCfg = Debug|Any CPU
		{DA64FCC7-6ADB-43EA-B0CA-C003EDCE39CC}.Debug|Any CPU.Build.0 = Debug|Any CPU
		{DA64FCC7-6ADB-43EA-B0CA-C003EDCE39CC}.Release|Any CPU.ActiveCfg = Release|Any CPU
		{DA64FCC7-6ADB-43EA-B0CA-C003EDCE39CC}.Release|Any CPU.Build.0 = Release|Any CPU
	EndGlobalSection
	GlobalSection(SolutionProperties) = preSolution
		HideSolutionNode = FALSE
	EndGlobalSection
	GlobalSection(ExtensibilityGlobals) = postSolution
		SolutionGuid = {E9249BDB-EA71-4DDB-82CE-6BE2A1B37016}
	EndGlobalSection
EndGlobal
