
Microsoft Visual Studio Solution File, Format Version 12.00
# Visual Studio Version 17
VisualStudioVersion = 17.8.34330.188
MinimumVisualStudioVersion = 10.0.40219.1
Project("{9A19103F-16F7-4668-BE54-9A1E7A4F7556}") = "Exercicio_PAG_25_7-A_Manzano", "Exercicio_PAG_25_7-A_Manzanno\Exercicio_PAG_25_7-A_Manzano.csproj", "{3AAF6BAD-90FE-4586-81D6-2028C997BECB}"
EndProject
Project("{9A19103F-16F7-4668-BE54-9A1E7A4F7556}") = "Exercicio_PAG_25_7-B_Manzano", "Exercicio_PAG_25_7-B_Manzanno\Exercicio_PAG_25_7-B_Manzano.csproj", "{DE47C85F-335D-4287-9403-EB56B2183BE3}"
EndProject
Project("{9A19103F-16F7-4668-BE54-9A1E7A4F7556}") = "Exercicio_PAG_25_7-C_Manzano", "Exercicio_PAG_25_7-C_Manzanno\Exercicio_PAG_25_7-C_Manzano.csproj", "{D8165310-A6EE-47EC-832F-82FC2A07ADA0}"
EndProject
Project("{9A19103F-16F7-4668-BE54-9A1E7A4F7556}") = "Exercicio_PAG_25_7-D_Manzano", "Exercicio_PAG_25_7-D_Manzanno\Exercicio_PAG_25_7-D_Manzano.csproj", "{3747D742-DDC6-4454-BC21-4F7FB6021AF3}"
EndProject
Project("{9A19103F-16F7-4668-BE54-9A1E7A4F7556}") = "Exercicio_PAG_25_7-E_Manzano", "Exercicio_PAG_25_7-E_Manzanno\Exercicio_PAG_25_7-E_Manzano.csproj", "{C0A1E716-2E8E-40D8-886E-303BDD011CFB}"
EndProject
Project("{9A19103F-16F7-4668-BE54-9A1E7A4F7556}") = "Exercicio_PAG_25_7-F_Manzano", "Exercicio_PAG_25_7-F_Manzanno\Exercicio_PAG_25_7-F_Manzano.csproj", "{633564BF-5606-42B7-99C9-463DB0204BF3}"
EndProject
Project("{9A19103F-16F7-4668-BE54-9A1E7A4F7556}") = "Exercicio_PAG_25_7-G_Manzano", "Exercicio_PAG_25_7-G_Manzano\Exercicio_PAG_25_7-G_Manzano.csproj", "{7B984B99-32CC-47EB-9B72-168E615BD46B}"
EndProject
Project("{9A19103F-16F7-4668-BE54-9A1E7A4F7556}") = "Exercicio_PAG_25_7-H_Manzano", "Exercicio_PAG_25_7-H_Manzano\Exercicio_PAG_25_7-H_Manzano.csproj", "{2B6235C7-258A-4518-A91B-DDA16FBF6579}"
EndProject
Project("{9A19103F-16F7-4668-BE54-9A1E7A4F7556}") = "Exercicio_PAG_25_7-I-Manzano", "Exercicio_PAG_25_7-I-Manzano\Exercicio_PAG_25_7-I-Manzano.csproj", "{F43DD7E3-5E0C-4A35-9484-D778ABC835B8}"
EndProject
Project("{9A19103F-16F7-4668-BE54-9A1E7A4F7556}") = "Exercicio_PAG_25_7-J_Manzano", "Exercicio_PAG_25_7-J_Manzano\Exercicio_PAG_25_7-J_Manzano.csproj", "{BBFD7B8F-751C-448F-8BC1-B8A2DB0DC45B}"
EndProject
Project("{9A19103F-16F7-4668-BE54-9A1E7A4F7556}") = "Exercicio_PAG_25_7-K_Manzano", "Exercicio_PAG_25_7-K_Manzano\Exercicio_PAG_25_7-K_Manzano.csproj", "{DDEC7438-D0F1-4E03-BA41-DCDC28B4A2CB}"
EndProject
Project("{9A19103F-16F7-4668-BE54-9A1E7A4F7556}") = "Exercicio_PAG_25_7-L_Manzano", "Exercicio_PAG_25_7-L_Manzano\Exercicio_PAG_25_7-L_Manzano.csproj", "{D7B91994-263E-4B7C-9257-A08A321A1484}"
EndProject
Project("{9A19103F-16F7-4668-BE54-9A1E7A4F7556}") = "Exercicio_PAG_25_7-M_Manzano", "Exercicio_PAG_25_7-M_Manzano\Exercicio_PAG_25_7-M_Manzano.csproj", "{D59F5B2C-7EA9-47A1-89E0-99E978861340}"
EndProject
Project("{9A19103F-16F7-4668-BE54-9A1E7A4F7556}") = "Exercicio_PAG_26_3.10_1-A_Manzano", "Exercicio_PAG_26_3.10_1-A_Manzano\Exercicio_PAG_26_3.10_1-A_Manzano.csproj", "{9870716E-30C9-410E-AF64-E4249C5350E2}"
EndProject
Project("{9A19103F-16F7-4668-BE54-9A1E7A4F7556}") = "Exercicio_PAG_26_3.10_1-B_Manzano", "Exercicio_PAG_26_3.10_1-B_Manzano\Exercicio_PAG_26_3.10_1-B_Manzano.csproj", "{65298273-940F-4801-9AD6-F89A5B73A32F}"
EndProject
Project("{9A19103F-16F7-4668-BE54-9A1E7A4F7556}") = "Exercicio_PAG_26_3.10_1-C_Manzano", "Exercicio_PAG_26_3.10_1-C_Manzano\Exercicio_PAG_26_3.10_1-C_Manzano.csproj", "{64D09907-C597-4D66-8CA3-2E2B82860023}"
EndProject
Project("{9A19103F-16F7-4668-BE54-9A1E7A4F7556}") = "Exercicio_PAG_41_4-A_Manzano", "Exercicio_PAG_41_4-A_Manzano\Exercicio_PAG_41_4-A_Manzano.csproj", "{B0B7DDC6-2FA6-47D7-9A4F-F092323CAAF0}"
EndProject
Project("{9A19103F-16F7-4668-BE54-9A1E7A4F7556}") = "Exercicio_PAG_41_4-B_Manzano", "Exercicio_PAG_41_4-B_Manzano\Exercicio_PAG_41_4-B_Manzano.csproj", "{B71548F1-998B-4A88-8ADA-A8E46BA6063D}"
EndProject
Project("{9A19103F-16F7-4668-BE54-9A1E7A4F7556}") = "Exercicio_PAG_41_4-C_Manzano", "Exercicio_PAG_41_4-C_Manzano\Exercicio_PAG_41_4-C_Manzano.csproj", "{5F4C3BF8-0796-43E5-BBFF-7F312AB18A9A}"
EndProject
Project("{9A19103F-16F7-4668-BE54-9A1E7A4F7556}") = "Exercicio_PAG_41_4-D_Manzano", "Exercicio_PAG_41_4-D_Manzano\Exercicio_PAG_41_4-D_Manzano.csproj", "{4C310EB7-6F67-4CC7-A02E-4C153F7276CA}"
EndProject
Project("{9A19103F-16F7-4668-BE54-9A1E7A4F7556}") = "Exercicio_PAG_41_4-E_Manzano", "Exercicio_PAG_41_4-E_Manzano\Exercicio_PAG_41_4-E_Manzano.csproj", "{0472F82C-4F0D-4C00-97E8-1B762634A121}"
EndProject
Project("{9A19103F-16F7-4668-BE54-9A1E7A4F7556}") = "Exercicio_PAG_41_4-F_Manzano", "Exercicio_PAG_41_4-F_Manzano\Exercicio_PAG_41_4-F_Manzano.csproj", "{3BDD1515-9492-4ABF-9D15-7B2E10350134}"
EndProject
Project("{9A19103F-16F7-4668-BE54-9A1E7A4F7556}") = "Exercicio_PAG_41_4-G_Manzano", "Exercicio_PAG_41_4-G_Manzano\Exercicio_PAG_41_4-G_Manzano.csproj", "{7E65817D-EF8C-486C-ADA0-567D83D80410}"
EndProject
Project("{9A19103F-16F7-4668-BE54-9A1E7A4F7556}") = "Exercicio_PAG_41_4-H_Manzano", "Exercicio_PAG_41_4-H_Manzano\Exercicio_PAG_41_4-H_Manzano.csproj", "{456A1368-A02A-4F87-83F0-62212F5CA644}"
EndProject
Project("{9A19103F-16F7-4668-BE54-9A1E7A4F7556}") = "Exercicio_PAG_41_4-I_Manzano", "Exercicio_PAG_41_4-I_Manzano\Exercicio_PAG_41_4-I_Manzano.csproj", "{3905B2E5-64B0-465E-A42B-259B493F362B}"
EndProject
Project("{9A19103F-16F7-4668-BE54-9A1E7A4F7556}") = "Exercicio_PAG_41_4-J_Manzano", "Exercicio_PAG_41_4-J_Manzano\Exercicio_PAG_41_4-J_Manzano.csproj", "{7075E59B-9207-4214-A2B3-10663AA9A5AB}"
EndProject
Project("{9A19103F-16F7-4668-BE54-9A1E7A4F7556}") = "Exercicio_PAG_41_4-K_Manzano", "Exercicio_PAG_41_4-K_Manzano\Exercicio_PAG_41_4-K_Manzano.csproj", "{5D6981A3-6828-40C7-B1D1-F440C7807A97}"
EndProject
Project("{9A19103F-16F7-4668-BE54-9A1E7A4F7556}") = "Exercicio_PAG_41_4-L_Manzano", "Exercicio_PAG_41_4-L_Manzano\Exercicio_PAG_41_4-L_Manzano.csproj", "{24F24D46-AB55-4502-8F84-C8F42E6E3E06}"
EndProject
Project("{FAE04EC0-301F-11D3-BF4B-00C04F79EFBC}") = "Exercicio_PAG_50_1-A_Manzano", "Exercicio_PAG_50_1-A_Manzano\Exercicio_PAG_50_1-A_Manzano.csproj", "{A962D32A-2307-4BCF-B007-F85E5A465FAD}"
EndProject
Project("{FAE04EC0-301F-11D3-BF4B-00C04F79EFBC}") = "Exercicio_PAG_50_1-B_Manzano", "Exercicio_PAG_50_1-B_Manzano\Exercicio_PAG_50_1-B_Manzano.csproj", "{304EB1BC-CE55-4BC8-B7F6-48C44DD0EE84}"
EndProject
Project("{FAE04EC0-301F-11D3-BF4B-00C04F79EFBC}") = "Exercicio_PAG_50_1-C_Manzano", "Exercicio_PAG_50_1-C_Manzano\Exercicio_PAG_50_1-C_Manzano.csproj", "{94E91BE3-79CD-4444-87FB-6D5353D80A13}"
EndProject
Project("{FAE04EC0-301F-11D3-BF4B-00C04F79EFBC}") = "Exercicio_PAG_50_1-D_Manzano", "Exercicio_PAG_50_1-D_Manzano\Exercicio_PAG_50_1-D_Manzano.csproj", "{51CE64BD-A284-4BDF-8204-FAFDA297A4FE}"
EndProject
Project("{FAE04EC0-301F-11D3-BF4B-00C04F79EFBC}") = "Exercicio_PAG_50_1-E_Manzano", "Exercicio_PAG_50_1-E_Manzano\Exercicio_PAG_50_1-E_Manzano.csproj", "{32F30887-7248-4CBA-A55B-4683131DC25B}"
EndProject
Project("{FAE04EC0-301F-11D3-BF4B-00C04F79EFBC}") = "Exercicio_PAG_50_1-F_Manzano", "Exercicio_PAG_50_1-F_Manzano\Exercicio_PAG_50_1-F_Manzano.csproj", "{0ECD0B53-D153-490E-9BDA-7A198CB7C2D1}"
EndProject
Project("{FAE04EC0-301F-11D3-BF4B-00C04F79EFBC}") = "Exercicio_PAG_50_1-G_Manzano", "Exercicio_PAG_50_1-G_Manzano\Exercicio_PAG_50_1-G_Manzano.csproj", "{B666BE43-342B-43E7-A171-75A8E955B01B}"
EndProject
Project("{FAE04EC0-301F-11D3-BF4B-00C04F79EFBC}") = "Exercicio_PAG_50_1-H_Manzano", "Exercicio_PAG_50_1-H_Manzano\Exercicio_PAG_50_1-H_Manzano.csproj", "{42C43289-4E83-418C-89B2-3211DF17B970}"
EndProject
Project("{FAE04EC0-301F-11D3-BF4B-00C04F79EFBC}") = "Exercicio_PAG_50_1-I_Manzano", "Exercicio_PAG_50_1-I_Manzano\Exercicio_PAG_50_1-I_Manzano.csproj", "{12317F01-FB77-43B2-A9CD-1D1A449A42C5}"
EndProject
Project("{FAE04EC0-301F-11D3-BF4B-00C04F79EFBC}") = "Exercicio_PAG_50_1-J_Manzano", "Exercicio_PAG_50_1-J_Manzano\Exercicio_PAG_50_1-J_Manzano.csproj", "{0FD0F768-4725-4775-B69D-B5800A314707}"
EndProject
Project("{FAE04EC0-301F-11D3-BF4B-00C04F79EFBC}") = "Exercicio_PAG_66_1-A_Manzano", "Exercicio_PAG_66_1-A_Manzano\Exercicio_PAG_66_1-A_Manzano.csproj", "{F9D5E67B-D604-4252-8087-41B55408C99C}"
EndProject
Project("{FAE04EC0-301F-11D3-BF4B-00C04F79EFBC}") = "Exercicio_PAG_66_1-B_Manzano", "Exercicio_PAG_66_1-B_Manzano\Exercicio_PAG_66_1-B_Manzano.csproj", "{A0485BAE-C1DD-4C13-BE15-2FDFF687BD23}"
EndProject
Project("{FAE04EC0-301F-11D3-BF4B-00C04F79EFBC}") = "Exercicio_PAG_66_1-C_Manzano", "Exercicio_PAG_66_1-C_Manzano\Exercicio_PAG_66_1-C_Manzano.csproj", "{6FA624CB-8131-44D3-9FA7-70A21B846683}"
EndProject
Project("{FAE04EC0-301F-11D3-BF4B-00C04F79EFBC}") = "Exercicio_PAG_66_1-D_Manzano", "Exercicio_PAG_66_1-D_Manzano\Exercicio_PAG_66_1-D_Manzano.csproj", "{E864966B-7BC4-43DB-9958-B8EFC4D62336}"
EndProject
Project("{FAE04EC0-301F-11D3-BF4B-00C04F79EFBC}") = "Exercicio_PAG_66_1-E_Manzano", "Exercicio_PAG_66_1-E_Manzano\Exercicio_PAG_66_1-E_Manzano.csproj", "{90843E44-99EC-4735-BEFE-54AA32585BB8}"
EndProject
Project("{FAE04EC0-301F-11D3-BF4B-00C04F79EFBC}") = "Exercicio_PAG_66_1-F_Manzano", "Exercicio_PAG_66_1-F_Manzano\Exercicio_PAG_66_1-F_Manzano.csproj", "{CA9FF885-48BB-4724-AB0F-8D23D9DB1624}"
EndProject
Project("{FAE04EC0-301F-11D3-BF4B-00C04F79EFBC}") = "Exercicio_PAG_66_1-G_Manzano", "Exercicio_PAG_66_1-G_Manzano\Exercicio_PAG_66_1-G_Manzano.csproj", "{A1504820-E370-4D81-981B-1621F2276857}"
EndProject
Project("{FAE04EC0-301F-11D3-BF4B-00C04F79EFBC}") = "Exercicio_PAG_66_1-H_Manzano", "Exercicio_PAG_66_1-H_Manzano\Exercicio_PAG_66_1-H_Manzano.csproj", "{378C5681-5F97-4D6A-AA2B-C6B17DF99AA8}"
EndProject
Project("{FAE04EC0-301F-11D3-BF4B-00C04F79EFBC}") = "Exercicio_PAG_66_1-I_Manzano", "Exercicio_PAG_66_1-I_Manzano\Exercicio_PAG_66_1-I_Manzano.csproj", "{BA85A74D-9763-46F0-8A02-43227F9C495B}"
EndProject
Project("{FAE04EC0-301F-11D3-BF4B-00C04F79EFBC}") = "Exercicio_PAG_66_1-J_Manzano", "Exercicio_PAG_66_1-J_Manzano\Exercicio_PAG_66_1-J_Manzano.csproj", "{8AAC99E5-3B1D-4965-B4CC-34A85A0FDCF7}"
EndProject
Project("{FAE04EC0-301F-11D3-BF4B-00C04F79EFBC}") = "Exercicio_PAG_66_1-K_Manzano", "Exercicio_PAG_66_1-K_Manzano\Exercicio_PAG_66_1-K_Manzano.csproj", "{16EACF0E-F274-48C1-8B40-69F74D4EB670}"
EndProject
Project("{FAE04EC0-301F-11D3-BF4B-00C04F79EFBC}") = "Exercicio_PAG_46_1-A_Manzano", "Exercicio_PAG_46_1-A_Manzano\Exercicio_PAG_46_1-A_Manzano.csproj", "{9C2D3379-036F-4320-8325-643E13658873}"
EndProject
Project("{FAE04EC0-301F-11D3-BF4B-00C04F79EFBC}") = "Exercicio_PAG_46_1-B_Manzano", "Exercicio_PAG_46_1-B_Manzano\Exercicio_PAG_46_1-B_Manzano.csproj", "{BCD45316-D04C-45A8-87AB-FF570F8135C7}"
EndProject
Project("{FAE04EC0-301F-11D3-BF4B-00C04F79EFBC}") = "Exercicio_PAG_46_1-C_Manzano", "Exercicio_PAG_46_1-C_Manzano\Exercicio_PAG_46_1-C_Manzano.csproj", "{8376796B-8A80-4672-9FA4-91E900D1A2FE}"
EndProject
Project("{FAE04EC0-301F-11D3-BF4B-00C04F79EFBC}") = "Exercicio_PAG_46_1-D_Manzano", "Exercicio_PAG_46_1-D_Manzano\Exercicio_PAG_46_1-D_Manzano.csproj", "{17A77F78-EDE7-435C-B476-443D8AD604EF}"
EndProject
Project("{FAE04EC0-301F-11D3-BF4B-00C04F79EFBC}") = "Exercicio_PAG_46_1-E_Manzano", "Exercicio_PAG_46_1-E_Manzano\Exercicio_PAG_46_1-E_Manzano.csproj", "{F2C8A2DF-697C-4C3D-8907-87A5091E5241}"
EndProject
Project("{FAE04EC0-301F-11D3-BF4B-00C04F79EFBC}") = "Exercicio_PAG_46_1-F_Manzano", "Exercicio_PAG_46_1-F_Manzano\Exercicio_PAG_46_1-F_Manzano.csproj", "{5B872F2E-1024-4C13-A7A6-0484D88DEDDF}"
EndProject
Project("{FAE04EC0-301F-11D3-BF4B-00C04F79EFBC}") = "Exercicio_PAG_46_1-G_Manzano", "Exercicio_PAG_46_1-G_Manzano\Exercicio_PAG_46_1-G_Manzano.csproj", "{866E9F6A-67EB-424E-89BA-9A52007502E8}"
EndProject
Project("{FAE04EC0-301F-11D3-BF4B-00C04F79EFBC}") = "Exercicio_PAG_46_1-H_Manzano", "Exercicio_PAG_46_1-H_Manzano\Exercicio_PAG_46_1-H_Manzano.csproj", "{721D8297-5856-4DDE-A662-3C946C439613}"
EndProject
Project("{FAE04EC0-301F-11D3-BF4B-00C04F79EFBC}") = "Exercicio_PAG_46_1-I_Manzano", "Exercicio_PAG_46_1-I_Manzano\Exercicio_PAG_46_1-I_Manzano.csproj", "{0759ED68-3326-4A86-8770-86017C9A93B7}"
EndProject
Project("{FAE04EC0-301F-11D3-BF4B-00C04F79EFBC}") = "Exercicio_PAG_46_1-J_Manzano", "Exercicio_PAG_46_1-J_Manzano\Exercicio_PAG_46_1-J_Manzano.csproj", "{233CDD60-D8E4-447D-82A2-C1D198A96B88}"
EndProject
Project("{FAE04EC0-301F-11D3-BF4B-00C04F79EFBC}") = "Exercicio_PAG_46_1-K_Manzano", "Exercicio_PAG_46_1-K_Manzano\Exercicio_PAG_46_1-K_Manzano.csproj", "{5589216D-1495-4C95-85AA-1F03ECF016D6}"
EndProject
Project("{FAE04EC0-301F-11D3-BF4B-00C04F79EFBC}") = "Exercicio_PAG_46_1-L_Manzano", "Exercicio_PAG_46_1-L_Manzano\Exercicio_PAG_46_1-L_Manzano.csproj", "{FA54B0F4-6F49-4CBD-8A3F-0ABF0976506E}"
EndProject
Global
	GlobalSection(SolutionConfigurationPlatforms) = preSolution
		Debug|Any CPU = Debug|Any CPU
		Release|Any CPU = Release|Any CPU
	EndGlobalSection
	GlobalSection(ProjectConfigurationPlatforms) = postSolution
		{3AAF6BAD-90FE-4586-81D6-2028C997BECB}.Debug|Any CPU.ActiveCfg = Debug|Any CPU
		{3AAF6BAD-90FE-4586-81D6-2028C997BECB}.Debug|Any CPU.Build.0 = Debug|Any CPU
		{3AAF6BAD-90FE-4586-81D6-2028C997BECB}.Release|Any CPU.ActiveCfg = Release|Any CPU
		{3AAF6BAD-90FE-4586-81D6-2028C997BECB}.Release|Any CPU.Build.0 = Release|Any CPU
		{DE47C85F-335D-4287-9403-EB56B2183BE3}.Debug|Any CPU.ActiveCfg = Debug|Any CPU
		{DE47C85F-335D-4287-9403-EB56B2183BE3}.Debug|Any CPU.Build.0 = Debug|Any CPU
		{DE47C85F-335D-4287-9403-EB56B2183BE3}.Release|Any CPU.ActiveCfg = Release|Any CPU
		{DE47C85F-335D-4287-9403-EB56B2183BE3}.Release|Any CPU.Build.0 = Release|Any CPU
		{D8165310-A6EE-47EC-832F-82FC2A07ADA0}.Debug|Any CPU.ActiveCfg = Debug|Any CPU
		{D8165310-A6EE-47EC-832F-82FC2A07ADA0}.Debug|Any CPU.Build.0 = Debug|Any CPU
		{D8165310-A6EE-47EC-832F-82FC2A07ADA0}.Release|Any CPU.ActiveCfg = Release|Any CPU
		{D8165310-A6EE-47EC-832F-82FC2A07ADA0}.Release|Any CPU.Build.0 = Release|Any CPU
		{3747D742-DDC6-4454-BC21-4F7FB6021AF3}.Debug|Any CPU.ActiveCfg = Debug|Any CPU
		{3747D742-DDC6-4454-BC21-4F7FB6021AF3}.Debug|Any CPU.Build.0 = Debug|Any CPU
		{3747D742-DDC6-4454-BC21-4F7FB6021AF3}.Release|Any CPU.ActiveCfg = Release|Any CPU
		{3747D742-DDC6-4454-BC21-4F7FB6021AF3}.Release|Any CPU.Build.0 = Release|Any CPU
		{C0A1E716-2E8E-40D8-886E-303BDD011CFB}.Debug|Any CPU.ActiveCfg = Debug|Any CPU
		{C0A1E716-2E8E-40D8-886E-303BDD011CFB}.Debug|Any CPU.Build.0 = Debug|Any CPU
		{C0A1E716-2E8E-40D8-886E-303BDD011CFB}.Release|Any CPU.ActiveCfg = Release|Any CPU
		{C0A1E716-2E8E-40D8-886E-303BDD011CFB}.Release|Any CPU.Build.0 = Release|Any CPU
		{633564BF-5606-42B7-99C9-463DB0204BF3}.Debug|Any CPU.ActiveCfg = Debug|Any CPU
		{633564BF-5606-42B7-99C9-463DB0204BF3}.Debug|Any CPU.Build.0 = Debug|Any CPU
		{633564BF-5606-42B7-99C9-463DB0204BF3}.Release|Any CPU.ActiveCfg = Release|Any CPU
		{633564BF-5606-42B7-99C9-463DB0204BF3}.Release|Any CPU.Build.0 = Release|Any CPU
		{7B984B99-32CC-47EB-9B72-168E615BD46B}.Debug|Any CPU.ActiveCfg = Debug|Any CPU
		{7B984B99-32CC-47EB-9B72-168E615BD46B}.Debug|Any CPU.Build.0 = Debug|Any CPU
		{7B984B99-32CC-47EB-9B72-168E615BD46B}.Release|Any CPU.ActiveCfg = Release|Any CPU
		{7B984B99-32CC-47EB-9B72-168E615BD46B}.Release|Any CPU.Build.0 = Release|Any CPU
		{2B6235C7-258A-4518-A91B-DDA16FBF6579}.Debug|Any CPU.ActiveCfg = Debug|Any CPU
		{2B6235C7-258A-4518-A91B-DDA16FBF6579}.Debug|Any CPU.Build.0 = Debug|Any CPU
		{2B6235C7-258A-4518-A91B-DDA16FBF6579}.Release|Any CPU.ActiveCfg = Release|Any CPU
		{2B6235C7-258A-4518-A91B-DDA16FBF6579}.Release|Any CPU.Build.0 = Release|Any CPU
		{F43DD7E3-5E0C-4A35-9484-D778ABC835B8}.Debug|Any CPU.ActiveCfg = Debug|Any CPU
		{F43DD7E3-5E0C-4A35-9484-D778ABC835B8}.Debug|Any CPU.Build.0 = Debug|Any CPU
		{F43DD7E3-5E0C-4A35-9484-D778ABC835B8}.Release|Any CPU.ActiveCfg = Release|Any CPU
		{F43DD7E3-5E0C-4A35-9484-D778ABC835B8}.Release|Any CPU.Build.0 = Release|Any CPU
		{BBFD7B8F-751C-448F-8BC1-B8A2DB0DC45B}.Debug|Any CPU.ActiveCfg = Debug|Any CPU
		{BBFD7B8F-751C-448F-8BC1-B8A2DB0DC45B}.Debug|Any CPU.Build.0 = Debug|Any CPU
		{BBFD7B8F-751C-448F-8BC1-B8A2DB0DC45B}.Release|Any CPU.ActiveCfg = Release|Any CPU
		{BBFD7B8F-751C-448F-8BC1-B8A2DB0DC45B}.Release|Any CPU.Build.0 = Release|Any CPU
		{DDEC7438-D0F1-4E03-BA41-DCDC28B4A2CB}.Debug|Any CPU.ActiveCfg = Debug|Any CPU
		{DDEC7438-D0F1-4E03-BA41-DCDC28B4A2CB}.Debug|Any CPU.Build.0 = Debug|Any CPU
		{DDEC7438-D0F1-4E03-BA41-DCDC28B4A2CB}.Release|Any CPU.ActiveCfg = Release|Any CPU
		{DDEC7438-D0F1-4E03-BA41-DCDC28B4A2CB}.Release|Any CPU.Build.0 = Release|Any CPU
		{D7B91994-263E-4B7C-9257-A08A321A1484}.Debug|Any CPU.ActiveCfg = Debug|Any CPU
		{D7B91994-263E-4B7C-9257-A08A321A1484}.Debug|Any CPU.Build.0 = Debug|Any CPU
		{D7B91994-263E-4B7C-9257-A08A321A1484}.Release|Any CPU.ActiveCfg = Release|Any CPU
		{D7B91994-263E-4B7C-9257-A08A321A1484}.Release|Any CPU.Build.0 = Release|Any CPU
		{D59F5B2C-7EA9-47A1-89E0-99E978861340}.Debug|Any CPU.ActiveCfg = Debug|Any CPU
		{D59F5B2C-7EA9-47A1-89E0-99E978861340}.Debug|Any CPU.Build.0 = Debug|Any CPU
		{D59F5B2C-7EA9-47A1-89E0-99E978861340}.Release|Any CPU.ActiveCfg = Release|Any CPU
		{D59F5B2C-7EA9-47A1-89E0-99E978861340}.Release|Any CPU.Build.0 = Release|Any CPU
		{9870716E-30C9-410E-AF64-E4249C5350E2}.Debug|Any CPU.ActiveCfg = Debug|Any CPU
		{9870716E-30C9-410E-AF64-E4249C5350E2}.Debug|Any CPU.Build.0 = Debug|Any CPU
		{9870716E-30C9-410E-AF64-E4249C5350E2}.Release|Any CPU.ActiveCfg = Release|Any CPU
		{9870716E-30C9-410E-AF64-E4249C5350E2}.Release|Any CPU.Build.0 = Release|Any CPU
		{65298273-940F-4801-9AD6-F89A5B73A32F}.Debug|Any CPU.ActiveCfg = Debug|Any CPU
		{65298273-940F-4801-9AD6-F89A5B73A32F}.Debug|Any CPU.Build.0 = Debug|Any CPU
		{65298273-940F-4801-9AD6-F89A5B73A32F}.Release|Any CPU.ActiveCfg = Release|Any CPU
		{65298273-940F-4801-9AD6-F89A5B73A32F}.Release|Any CPU.Build.0 = Release|Any CPU
		{64D09907-C597-4D66-8CA3-2E2B82860023}.Debug|Any CPU.ActiveCfg = Debug|Any CPU
		{64D09907-C597-4D66-8CA3-2E2B82860023}.Debug|Any CPU.Build.0 = Debug|Any CPU
		{64D09907-C597-4D66-8CA3-2E2B82860023}.Release|Any CPU.ActiveCfg = Release|Any CPU
		{64D09907-C597-4D66-8CA3-2E2B82860023}.Release|Any CPU.Build.0 = Release|Any CPU
		{B0B7DDC6-2FA6-47D7-9A4F-F092323CAAF0}.Debug|Any CPU.ActiveCfg = Debug|Any CPU
		{B0B7DDC6-2FA6-47D7-9A4F-F092323CAAF0}.Debug|Any CPU.Build.0 = Debug|Any CPU
		{B0B7DDC6-2FA6-47D7-9A4F-F092323CAAF0}.Release|Any CPU.ActiveCfg = Release|Any CPU
		{B0B7DDC6-2FA6-47D7-9A4F-F092323CAAF0}.Release|Any CPU.Build.0 = Release|Any CPU
		{B71548F1-998B-4A88-8ADA-A8E46BA6063D}.Debug|Any CPU.ActiveCfg = Debug|Any CPU
		{B71548F1-998B-4A88-8ADA-A8E46BA6063D}.Debug|Any CPU.Build.0 = Debug|Any CPU
		{B71548F1-998B-4A88-8ADA-A8E46BA6063D}.Release|Any CPU.ActiveCfg = Release|Any CPU
		{B71548F1-998B-4A88-8ADA-A8E46BA6063D}.Release|Any CPU.Build.0 = Release|Any CPU
		{5F4C3BF8-0796-43E5-BBFF-7F312AB18A9A}.Debug|Any CPU.ActiveCfg = Debug|Any CPU
		{5F4C3BF8-0796-43E5-BBFF-7F312AB18A9A}.Debug|Any CPU.Build.0 = Debug|Any CPU
		{5F4C3BF8-0796-43E5-BBFF-7F312AB18A9A}.Release|Any CPU.ActiveCfg = Release|Any CPU
		{5F4C3BF8-0796-43E5-BBFF-7F312AB18A9A}.Release|Any CPU.Build.0 = Release|Any CPU
		{4C310EB7-6F67-4CC7-A02E-4C153F7276CA}.Debug|Any CPU.ActiveCfg = Debug|Any CPU
		{4C310EB7-6F67-4CC7-A02E-4C153F7276CA}.Debug|Any CPU.Build.0 = Debug|Any CPU
		{4C310EB7-6F67-4CC7-A02E-4C153F7276CA}.Release|Any CPU.ActiveCfg = Release|Any CPU
		{4C310EB7-6F67-4CC7-A02E-4C153F7276CA}.Release|Any CPU.Build.0 = Release|Any CPU
		{0472F82C-4F0D-4C00-97E8-1B762634A121}.Debug|Any CPU.ActiveCfg = Debug|Any CPU
		{0472F82C-4F0D-4C00-97E8-1B762634A121}.Debug|Any CPU.Build.0 = Debug|Any CPU
		{0472F82C-4F0D-4C00-97E8-1B762634A121}.Release|Any CPU.ActiveCfg = Release|Any CPU
		{0472F82C-4F0D-4C00-97E8-1B762634A121}.Release|Any CPU.Build.0 = Release|Any CPU
		{3BDD1515-9492-4ABF-9D15-7B2E10350134}.Debug|Any CPU.ActiveCfg = Debug|Any CPU
		{3BDD1515-9492-4ABF-9D15-7B2E10350134}.Debug|Any CPU.Build.0 = Debug|Any CPU
		{3BDD1515-9492-4ABF-9D15-7B2E10350134}.Release|Any CPU.ActiveCfg = Release|Any CPU
		{3BDD1515-9492-4ABF-9D15-7B2E10350134}.Release|Any CPU.Build.0 = Release|Any CPU
		{7E65817D-EF8C-486C-ADA0-567D83D80410}.Debug|Any CPU.ActiveCfg = Debug|Any CPU
		{7E65817D-EF8C-486C-ADA0-567D83D80410}.Debug|Any CPU.Build.0 = Debug|Any CPU
		{7E65817D-EF8C-486C-ADA0-567D83D80410}.Release|Any CPU.ActiveCfg = Release|Any CPU
		{7E65817D-EF8C-486C-ADA0-567D83D80410}.Release|Any CPU.Build.0 = Release|Any CPU
		{456A1368-A02A-4F87-83F0-62212F5CA644}.Debug|Any CPU.ActiveCfg = Debug|Any CPU
		{456A1368-A02A-4F87-83F0-62212F5CA644}.Debug|Any CPU.Build.0 = Debug|Any CPU
		{456A1368-A02A-4F87-83F0-62212F5CA644}.Release|Any CPU.ActiveCfg = Release|Any CPU
		{456A1368-A02A-4F87-83F0-62212F5CA644}.Release|Any CPU.Build.0 = Release|Any CPU
		{3905B2E5-64B0-465E-A42B-259B493F362B}.Debug|Any CPU.ActiveCfg = Debug|Any CPU
		{3905B2E5-64B0-465E-A42B-259B493F362B}.Debug|Any CPU.Build.0 = Debug|Any CPU
		{3905B2E5-64B0-465E-A42B-259B493F362B}.Release|Any CPU.ActiveCfg = Release|Any CPU
		{3905B2E5-64B0-465E-A42B-259B493F362B}.Release|Any CPU.Build.0 = Release|Any CPU
		{7075E59B-9207-4214-A2B3-10663AA9A5AB}.Debug|Any CPU.ActiveCfg = Debug|Any CPU
		{7075E59B-9207-4214-A2B3-10663AA9A5AB}.Debug|Any CPU.Build.0 = Debug|Any CPU
		{7075E59B-9207-4214-A2B3-10663AA9A5AB}.Release|Any CPU.ActiveCfg = Release|Any CPU
		{7075E59B-9207-4214-A2B3-10663AA9A5AB}.Release|Any CPU.Build.0 = Release|Any CPU
		{5D6981A3-6828-40C7-B1D1-F440C7807A97}.Debug|Any CPU.ActiveCfg = Debug|Any CPU
		{5D6981A3-6828-40C7-B1D1-F440C7807A97}.Debug|Any CPU.Build.0 = Debug|Any CPU
		{5D6981A3-6828-40C7-B1D1-F440C7807A97}.Release|Any CPU.ActiveCfg = Release|Any CPU
		{5D6981A3-6828-40C7-B1D1-F440C7807A97}.Release|Any CPU.Build.0 = Release|Any CPU
		{24F24D46-AB55-4502-8F84-C8F42E6E3E06}.Debug|Any CPU.ActiveCfg = Debug|Any CPU
		{24F24D46-AB55-4502-8F84-C8F42E6E3E06}.Debug|Any CPU.Build.0 = Debug|Any CPU
		{24F24D46-AB55-4502-8F84-C8F42E6E3E06}.Release|Any CPU.ActiveCfg = Release|Any CPU
		{24F24D46-AB55-4502-8F84-C8F42E6E3E06}.Release|Any CPU.Build.0 = Release|Any CPU
		{A962D32A-2307-4BCF-B007-F85E5A465FAD}.Debug|Any CPU.ActiveCfg = Debug|Any CPU
		{A962D32A-2307-4BCF-B007-F85E5A465FAD}.Debug|Any CPU.Build.0 = Debug|Any CPU
		{A962D32A-2307-4BCF-B007-F85E5A465FAD}.Release|Any CPU.ActiveCfg = Release|Any CPU
		{A962D32A-2307-4BCF-B007-F85E5A465FAD}.Release|Any CPU.Build.0 = Release|Any CPU
		{304EB1BC-CE55-4BC8-B7F6-48C44DD0EE84}.Debug|Any CPU.ActiveCfg = Debug|Any CPU
		{304EB1BC-CE55-4BC8-B7F6-48C44DD0EE84}.Debug|Any CPU.Build.0 = Debug|Any CPU
		{304EB1BC-CE55-4BC8-B7F6-48C44DD0EE84}.Release|Any CPU.ActiveCfg = Release|Any CPU
		{304EB1BC-CE55-4BC8-B7F6-48C44DD0EE84}.Release|Any CPU.Build.0 = Release|Any CPU
		{94E91BE3-79CD-4444-87FB-6D5353D80A13}.Debug|Any CPU.ActiveCfg = Debug|Any CPU
		{94E91BE3-79CD-4444-87FB-6D5353D80A13}.Debug|Any CPU.Build.0 = Debug|Any CPU
		{94E91BE3-79CD-4444-87FB-6D5353D80A13}.Release|Any CPU.ActiveCfg = Release|Any CPU
		{94E91BE3-79CD-4444-87FB-6D5353D80A13}.Release|Any CPU.Build.0 = Release|Any CPU
		{51CE64BD-A284-4BDF-8204-FAFDA297A4FE}.Debug|Any CPU.ActiveCfg = Debug|Any CPU
		{51CE64BD-A284-4BDF-8204-FAFDA297A4FE}.Debug|Any CPU.Build.0 = Debug|Any CPU
		{51CE64BD-A284-4BDF-8204-FAFDA297A4FE}.Release|Any CPU.ActiveCfg = Release|Any CPU
		{51CE64BD-A284-4BDF-8204-FAFDA297A4FE}.Release|Any CPU.Build.0 = Release|Any CPU
		{32F30887-7248-4CBA-A55B-4683131DC25B}.Debug|Any CPU.ActiveCfg = Debug|Any CPU
		{32F30887-7248-4CBA-A55B-4683131DC25B}.Debug|Any CPU.Build.0 = Debug|Any CPU
		{32F30887-7248-4CBA-A55B-4683131DC25B}.Release|Any CPU.ActiveCfg = Release|Any CPU
		{32F30887-7248-4CBA-A55B-4683131DC25B}.Release|Any CPU.Build.0 = Release|Any CPU
		{0ECD0B53-D153-490E-9BDA-7A198CB7C2D1}.Debug|Any CPU.ActiveCfg = Debug|Any CPU
		{0ECD0B53-D153-490E-9BDA-7A198CB7C2D1}.Debug|Any CPU.Build.0 = Debug|Any CPU
		{0ECD0B53-D153-490E-9BDA-7A198CB7C2D1}.Release|Any CPU.ActiveCfg = Release|Any CPU
		{0ECD0B53-D153-490E-9BDA-7A198CB7C2D1}.Release|Any CPU.Build.0 = Release|Any CPU
		{B666BE43-342B-43E7-A171-75A8E955B01B}.Debug|Any CPU.ActiveCfg = Debug|Any CPU
		{B666BE43-342B-43E7-A171-75A8E955B01B}.Debug|Any CPU.Build.0 = Debug|Any CPU
		{B666BE43-342B-43E7-A171-75A8E955B01B}.Release|Any CPU.ActiveCfg = Release|Any CPU
		{B666BE43-342B-43E7-A171-75A8E955B01B}.Release|Any CPU.Build.0 = Release|Any CPU
		{42C43289-4E83-418C-89B2-3211DF17B970}.Debug|Any CPU.ActiveCfg = Debug|Any CPU
		{42C43289-4E83-418C-89B2-3211DF17B970}.Debug|Any CPU.Build.0 = Debug|Any CPU
		{42C43289-4E83-418C-89B2-3211DF17B970}.Release|Any CPU.ActiveCfg = Release|Any CPU
		{42C43289-4E83-418C-89B2-3211DF17B970}.Release|Any CPU.Build.0 = Release|Any CPU
		{12317F01-FB77-43B2-A9CD-1D1A449A42C5}.Debug|Any CPU.ActiveCfg = Debug|Any CPU
		{12317F01-FB77-43B2-A9CD-1D1A449A42C5}.Debug|Any CPU.Build.0 = Debug|Any CPU
		{12317F01-FB77-43B2-A9CD-1D1A449A42C5}.Release|Any CPU.ActiveCfg = Release|Any CPU
		{12317F01-FB77-43B2-A9CD-1D1A449A42C5}.Release|Any CPU.Build.0 = Release|Any CPU
		{0FD0F768-4725-4775-B69D-B5800A314707}.Debug|Any CPU.ActiveCfg = Debug|Any CPU
		{0FD0F768-4725-4775-B69D-B5800A314707}.Debug|Any CPU.Build.0 = Debug|Any CPU
		{0FD0F768-4725-4775-B69D-B5800A314707}.Release|Any CPU.ActiveCfg = Release|Any CPU
		{0FD0F768-4725-4775-B69D-B5800A314707}.Release|Any CPU.Build.0 = Release|Any CPU
		{F9D5E67B-D604-4252-8087-41B55408C99C}.Debug|Any CPU.ActiveCfg = Debug|Any CPU
		{F9D5E67B-D604-4252-8087-41B55408C99C}.Debug|Any CPU.Build.0 = Debug|Any CPU
		{F9D5E67B-D604-4252-8087-41B55408C99C}.Release|Any CPU.ActiveCfg = Release|Any CPU
		{F9D5E67B-D604-4252-8087-41B55408C99C}.Release|Any CPU.Build.0 = Release|Any CPU
		{A0485BAE-C1DD-4C13-BE15-2FDFF687BD23}.Debug|Any CPU.ActiveCfg = Debug|Any CPU
		{A0485BAE-C1DD-4C13-BE15-2FDFF687BD23}.Debug|Any CPU.Build.0 = Debug|Any CPU
		{A0485BAE-C1DD-4C13-BE15-2FDFF687BD23}.Release|Any CPU.ActiveCfg = Release|Any CPU
		{A0485BAE-C1DD-4C13-BE15-2FDFF687BD23}.Release|Any CPU.Build.0 = Release|Any CPU
		{6FA624CB-8131-44D3-9FA7-70A21B846683}.Debug|Any CPU.ActiveCfg = Debug|Any CPU
		{6FA624CB-8131-44D3-9FA7-70A21B846683}.Debug|Any CPU.Build.0 = Debug|Any CPU
		{6FA624CB-8131-44D3-9FA7-70A21B846683}.Release|Any CPU.ActiveCfg = Release|Any CPU
		{6FA624CB-8131-44D3-9FA7-70A21B846683}.Release|Any CPU.Build.0 = Release|Any CPU
		{E864966B-7BC4-43DB-9958-B8EFC4D62336}.Debug|Any CPU.ActiveCfg = Debug|Any CPU
		{E864966B-7BC4-43DB-9958-B8EFC4D62336}.Debug|Any CPU.Build.0 = Debug|Any CPU
		{E864966B-7BC4-43DB-9958-B8EFC4D62336}.Release|Any CPU.ActiveCfg = Release|Any CPU
		{E864966B-7BC4-43DB-9958-B8EFC4D62336}.Release|Any CPU.Build.0 = Release|Any CPU
		{90843E44-99EC-4735-BEFE-54AA32585BB8}.Debug|Any CPU.ActiveCfg = Debug|Any CPU
		{90843E44-99EC-4735-BEFE-54AA32585BB8}.Debug|Any CPU.Build.0 = Debug|Any CPU
		{90843E44-99EC-4735-BEFE-54AA32585BB8}.Release|Any CPU.ActiveCfg = Release|Any CPU
		{90843E44-99EC-4735-BEFE-54AA32585BB8}.Release|Any CPU.Build.0 = Release|Any CPU
		{CA9FF885-48BB-4724-AB0F-8D23D9DB1624}.Debug|Any CPU.ActiveCfg = Debug|Any CPU
		{CA9FF885-48BB-4724-AB0F-8D23D9DB1624}.Debug|Any CPU.Build.0 = Debug|Any CPU
		{CA9FF885-48BB-4724-AB0F-8D23D9DB1624}.Release|Any CPU.ActiveCfg = Release|Any CPU
		{CA9FF885-48BB-4724-AB0F-8D23D9DB1624}.Release|Any CPU.Build.0 = Release|Any CPU
		{A1504820-E370-4D81-981B-1621F2276857}.Debug|Any CPU.ActiveCfg = Debug|Any CPU
		{A1504820-E370-4D81-981B-1621F2276857}.Debug|Any CPU.Build.0 = Debug|Any CPU
		{A1504820-E370-4D81-981B-1621F2276857}.Release|Any CPU.ActiveCfg = Release|Any CPU
		{A1504820-E370-4D81-981B-1621F2276857}.Release|Any CPU.Build.0 = Release|Any CPU
		{378C5681-5F97-4D6A-AA2B-C6B17DF99AA8}.Debug|Any CPU.ActiveCfg = Debug|Any CPU
		{378C5681-5F97-4D6A-AA2B-C6B17DF99AA8}.Debug|Any CPU.Build.0 = Debug|Any CPU
		{378C5681-5F97-4D6A-AA2B-C6B17DF99AA8}.Release|Any CPU.ActiveCfg = Release|Any CPU
		{378C5681-5F97-4D6A-AA2B-C6B17DF99AA8}.Release|Any CPU.Build.0 = Release|Any CPU
		{BA85A74D-9763-46F0-8A02-43227F9C495B}.Debug|Any CPU.ActiveCfg = Debug|Any CPU
		{BA85A74D-9763-46F0-8A02-43227F9C495B}.Debug|Any CPU.Build.0 = Debug|Any CPU
		{BA85A74D-9763-46F0-8A02-43227F9C495B}.Release|Any CPU.ActiveCfg = Release|Any CPU
		{BA85A74D-9763-46F0-8A02-43227F9C495B}.Release|Any CPU.Build.0 = Release|Any CPU
		{8AAC99E5-3B1D-4965-B4CC-34A85A0FDCF7}.Debug|Any CPU.ActiveCfg = Debug|Any CPU
		{8AAC99E5-3B1D-4965-B4CC-34A85A0FDCF7}.Debug|Any CPU.Build.0 = Debug|Any CPU
		{8AAC99E5-3B1D-4965-B4CC-34A85A0FDCF7}.Release|Any CPU.ActiveCfg = Release|Any CPU
		{8AAC99E5-3B1D-4965-B4CC-34A85A0FDCF7}.Release|Any CPU.Build.0 = Release|Any CPU
		{16EACF0E-F274-48C1-8B40-69F74D4EB670}.Debug|Any CPU.ActiveCfg = Debug|Any CPU
		{16EACF0E-F274-48C1-8B40-69F74D4EB670}.Debug|Any CPU.Build.0 = Debug|Any CPU
		{16EACF0E-F274-48C1-8B40-69F74D4EB670}.Release|Any CPU.ActiveCfg = Release|Any CPU
		{16EACF0E-F274-48C1-8B40-69F74D4EB670}.Release|Any CPU.Build.0 = Release|Any CPU
		{9C2D3379-036F-4320-8325-643E13658873}.Debug|Any CPU.ActiveCfg = Debug|Any CPU
		{9C2D3379-036F-4320-8325-643E13658873}.Debug|Any CPU.Build.0 = Debug|Any CPU
		{9C2D3379-036F-4320-8325-643E13658873}.Release|Any CPU.ActiveCfg = Release|Any CPU
		{9C2D3379-036F-4320-8325-643E13658873}.Release|Any CPU.Build.0 = Release|Any CPU
		{BCD45316-D04C-45A8-87AB-FF570F8135C7}.Debug|Any CPU.ActiveCfg = Debug|Any CPU
		{BCD45316-D04C-45A8-87AB-FF570F8135C7}.Debug|Any CPU.Build.0 = Debug|Any CPU
		{BCD45316-D04C-45A8-87AB-FF570F8135C7}.Release|Any CPU.ActiveCfg = Release|Any CPU
		{BCD45316-D04C-45A8-87AB-FF570F8135C7}.Release|Any CPU.Build.0 = Release|Any CPU
		{8376796B-8A80-4672-9FA4-91E900D1A2FE}.Debug|Any CPU.ActiveCfg = Debug|Any CPU
		{8376796B-8A80-4672-9FA4-91E900D1A2FE}.Debug|Any CPU.Build.0 = Debug|Any CPU
		{8376796B-8A80-4672-9FA4-91E900D1A2FE}.Release|Any CPU.ActiveCfg = Release|Any CPU
		{8376796B-8A80-4672-9FA4-91E900D1A2FE}.Release|Any CPU.Build.0 = Release|Any CPU
		{17A77F78-EDE7-435C-B476-443D8AD604EF}.Debug|Any CPU.ActiveCfg = Debug|Any CPU
		{17A77F78-EDE7-435C-B476-443D8AD604EF}.Debug|Any CPU.Build.0 = Debug|Any CPU
		{17A77F78-EDE7-435C-B476-443D8AD604EF}.Release|Any CPU.ActiveCfg = Release|Any CPU
		{17A77F78-EDE7-435C-B476-443D8AD604EF}.Release|Any CPU.Build.0 = Release|Any CPU
		{F2C8A2DF-697C-4C3D-8907-87A5091E5241}.Debug|Any CPU.ActiveCfg = Debug|Any CPU
		{F2C8A2DF-697C-4C3D-8907-87A5091E5241}.Debug|Any CPU.Build.0 = Debug|Any CPU
		{F2C8A2DF-697C-4C3D-8907-87A5091E5241}.Release|Any CPU.ActiveCfg = Release|Any CPU
		{F2C8A2DF-697C-4C3D-8907-87A5091E5241}.Release|Any CPU.Build.0 = Release|Any CPU
		{5B872F2E-1024-4C13-A7A6-0484D88DEDDF}.Debug|Any CPU.ActiveCfg = Debug|Any CPU
		{5B872F2E-1024-4C13-A7A6-0484D88DEDDF}.Debug|Any CPU.Build.0 = Debug|Any CPU
		{5B872F2E-1024-4C13-A7A6-0484D88DEDDF}.Release|Any CPU.ActiveCfg = Release|Any CPU
		{5B872F2E-1024-4C13-A7A6-0484D88DEDDF}.Release|Any CPU.Build.0 = Release|Any CPU
		{866E9F6A-67EB-424E-89BA-9A52007502E8}.Debug|Any CPU.ActiveCfg = Debug|Any CPU
		{866E9F6A-67EB-424E-89BA-9A52007502E8}.Debug|Any CPU.Build.0 = Debug|Any CPU
		{866E9F6A-67EB-424E-89BA-9A52007502E8}.Release|Any CPU.ActiveCfg = Release|Any CPU
		{866E9F6A-67EB-424E-89BA-9A52007502E8}.Release|Any CPU.Build.0 = Release|Any CPU
		{721D8297-5856-4DDE-A662-3C946C439613}.Debug|Any CPU.ActiveCfg = Debug|Any CPU
		{721D8297-5856-4DDE-A662-3C946C439613}.Debug|Any CPU.Build.0 = Debug|Any CPU
		{721D8297-5856-4DDE-A662-3C946C439613}.Release|Any CPU.ActiveCfg = Release|Any CPU
		{721D8297-5856-4DDE-A662-3C946C439613}.Release|Any CPU.Build.0 = Release|Any CPU
		{0759ED68-3326-4A86-8770-86017C9A93B7}.Debug|Any CPU.ActiveCfg = Debug|Any CPU
		{0759ED68-3326-4A86-8770-86017C9A93B7}.Debug|Any CPU.Build.0 = Debug|Any CPU
		{0759ED68-3326-4A86-8770-86017C9A93B7}.Release|Any CPU.ActiveCfg = Release|Any CPU
		{0759ED68-3326-4A86-8770-86017C9A93B7}.Release|Any CPU.Build.0 = Release|Any CPU
		{233CDD60-D8E4-447D-82A2-C1D198A96B88}.Debug|Any CPU.ActiveCfg = Debug|Any CPU
		{233CDD60-D8E4-447D-82A2-C1D198A96B88}.Debug|Any CPU.Build.0 = Debug|Any CPU
		{233CDD60-D8E4-447D-82A2-C1D198A96B88}.Release|Any CPU.ActiveCfg = Release|Any CPU
		{233CDD60-D8E4-447D-82A2-C1D198A96B88}.Release|Any CPU.Build.0 = Release|Any CPU
		{5589216D-1495-4C95-85AA-1F03ECF016D6}.Debug|Any CPU.ActiveCfg = Debug|Any CPU
		{5589216D-1495-4C95-85AA-1F03ECF016D6}.Debug|Any CPU.Build.0 = Debug|Any CPU
		{5589216D-1495-4C95-85AA-1F03ECF016D6}.Release|Any CPU.ActiveCfg = Release|Any CPU
		{5589216D-1495-4C95-85AA-1F03ECF016D6}.Release|Any CPU.Build.0 = Release|Any CPU
		{FA54B0F4-6F49-4CBD-8A3F-0ABF0976506E}.Debug|Any CPU.ActiveCfg = Debug|Any CPU
		{FA54B0F4-6F49-4CBD-8A3F-0ABF0976506E}.Debug|Any CPU.Build.0 = Debug|Any CPU
		{FA54B0F4-6F49-4CBD-8A3F-0ABF0976506E}.Release|Any CPU.ActiveCfg = Release|Any CPU
		{FA54B0F4-6F49-4CBD-8A3F-0ABF0976506E}.Release|Any CPU.Build.0 = Release|Any CPU
	EndGlobalSection
	GlobalSection(SolutionProperties) = preSolution
		HideSolutionNode = FALSE
	EndGlobalSection
	GlobalSection(ExtensibilityGlobals) = postSolution
		SolutionGuid = {E9249BDB-EA71-4DDB-82CE-6BE2A1B37016}
	EndGlobalSection
EndGlobal
